
Microsoft Visual Studio Solution File, Format Version 12.00
Project("{2150E333-8FDC-42A3-9474-1A3956D46DE8}") = "Presentation", "Presentation", "{875D08B2-EB86-436A-A68A-A08577CCDB46}"
EndProject
Project("{FAE04EC0-301F-11D3-BF4B-00C04F79EFBC}") = "Ange.WebUI", "Ange.WebUI\Ange.WebUI.csproj", "{A7E7431A-BF1A-4355-8242-BEC9A9CE67EC}"
EndProject
Project("{2150E333-8FDC-42A3-9474-1A3956D46DE8}") = "Core", "Core", "{1FE163B2-7935-409A-A5B2-632B58A06FC1}"
EndProject
Project("{2150E333-8FDC-42A3-9474-1A3956D46DE8}") = "Common", "Common", "{A08B78A4-9FEE-4618-A944-2E4514C8786B}"
EndProject
Project("{2150E333-8FDC-42A3-9474-1A3956D46DE8}") = "Inrastructure", "Inrastructure", "{77896945-502D-43E2-8D0B-9D318086879E}"
EndProject
Project("{2150E333-8FDC-42A3-9474-1A3956D46DE8}") = "Tests", "Tests", "{C23DF770-B04E-42A9-B4B9-0EA77A181155}"
EndProject
Project("{FAE04EC0-301F-11D3-BF4B-00C04F79EFBC}") = "Ange.Common", "Ange.Common\Ange.Common.csproj", "{36C25A8E-9BA3-4F13-A270-08FE07508E0A}"
EndProject
Project("{FAE04EC0-301F-11D3-BF4B-00C04F79EFBC}") = "Ange.Domain", "Ange.Domain\Ange.Domain.csproj", "{F2A21381-2FD8-4C00-BE52-262B769D9BB1}"
EndProject
Project("{FAE04EC0-301F-11D3-BF4B-00C04F79EFBC}") = "Ange.Application", "Ange.Application\Ange.Application.csproj", "{749E81F5-8353-498A-BD5F-9399F5492932}"
EndProject
Project("{FAE04EC0-301F-11D3-BF4B-00C04F79EFBC}") = "Ange.Infrastructure", "Ange.Infrastructure\Ange.Infrastructure.csproj", "{4461A9CB-09C6-4C37-8318-05851261746E}"
EndProject
Project("{FAE04EC0-301F-11D3-BF4B-00C04F79EFBC}") = "Ange.Persistence", "Ange.Persistence\Ange.Persistence.csproj", "{B513C65C-B29E-418D-9910-3614F687D95E}"
EndProject
Global
	GlobalSection(SolutionConfigurationPlatforms) = preSolution
		Debug|Any CPU = Debug|Any CPU
		Release|Any CPU = Release|Any CPU
	EndGlobalSection
	GlobalSection(NestedProjects) = preSolution
		{A7E7431A-BF1A-4355-8242-BEC9A9CE67EC} = {875D08B2-EB86-436A-A68A-A08577CCDB46}
		{36C25A8E-9BA3-4F13-A270-08FE07508E0A} = {A08B78A4-9FEE-4618-A944-2E4514C8786B}
		{F2A21381-2FD8-4C00-BE52-262B769D9BB1} = {1FE163B2-7935-409A-A5B2-632B58A06FC1}
		{749E81F5-8353-498A-BD5F-9399F5492932} = {1FE163B2-7935-409A-A5B2-632B58A06FC1}
		{4461A9CB-09C6-4C37-8318-05851261746E} = {77896945-502D-43E2-8D0B-9D318086879E}
		{B513C65C-B29E-418D-9910-3614F687D95E} = {77896945-502D-43E2-8D0B-9D318086879E}
	EndGlobalSection
	GlobalSection(ProjectConfigurationPlatforms) = postSolution
		{A7E7431A-BF1A-4355-8242-BEC9A9CE67EC}.Debug|Any CPU.ActiveCfg = Debug|Any CPU
		{A7E7431A-BF1A-4355-8242-BEC9A9CE67EC}.Debug|Any CPU.Build.0 = Debug|Any CPU
		{A7E7431A-BF1A-4355-8242-BEC9A9CE67EC}.Release|Any CPU.ActiveCfg = Release|Any CPU
		{A7E7431A-BF1A-4355-8242-BEC9A9CE67EC}.Release|Any CPU.Build.0 = Release|Any CPU
		{36C25A8E-9BA3-4F13-A270-08FE07508E0A}.Debug|Any CPU.ActiveCfg = Debug|Any CPU
		{36C25A8E-9BA3-4F13-A270-08FE07508E0A}.Debug|Any CPU.Build.0 = Debug|Any CPU
		{36C25A8E-9BA3-4F13-A270-08FE07508E0A}.Release|Any CPU.ActiveCfg = Release|Any CPU
		{36C25A8E-9BA3-4F13-A270-08FE07508E0A}.Release|Any CPU.Build.0 = Release|Any CPU
		{F2A21381-2FD8-4C00-BE52-262B769D9BB1}.Debug|Any CPU.ActiveCfg = Debug|Any CPU
		{F2A21381-2FD8-4C00-BE52-262B769D9BB1}.Debug|Any CPU.Build.0 = Debug|Any CPU
		{F2A21381-2FD8-4C00-BE52-262B769D9BB1}.Release|Any CPU.ActiveCfg = Release|Any CPU
		{F2A21381-2FD8-4C00-BE52-262B769D9BB1}.Release|Any CPU.Build.0 = Release|Any CPU
		{749E81F5-8353-498A-BD5F-9399F5492932}.Debug|Any CPU.ActiveCfg = Debug|Any CPU
		{749E81F5-8353-498A-BD5F-9399F5492932}.Debug|Any CPU.Build.0 = Debug|Any CPU
		{749E81F5-8353-498A-BD5F-9399F5492932}.Release|Any CPU.ActiveCfg = Release|Any CPU
		{749E81F5-8353-498A-BD5F-9399F5492932}.Release|Any CPU.Build.0 = Release|Any CPU
		{4461A9CB-09C6-4C37-8318-05851261746E}.Debug|Any CPU.ActiveCfg = Debug|Any CPU
		{4461A9CB-09C6-4C37-8318-05851261746E}.Debug|Any CPU.Build.0 = Debug|Any CPU
		{4461A9CB-09C6-4C37-8318-05851261746E}.Release|Any CPU.ActiveCfg = Release|Any CPU
		{4461A9CB-09C6-4C37-8318-05851261746E}.Release|Any CPU.Build.0 = Release|Any CPU
		{B513C65C-B29E-418D-9910-3614F687D95E}.Debug|Any CPU.ActiveCfg = Debug|Any CPU
		{B513C65C-B29E-418D-9910-3614F687D95E}.Debug|Any CPU.Build.0 = Debug|Any CPU
		{B513C65C-B29E-418D-9910-3614F687D95E}.Release|Any CPU.ActiveCfg = Release|Any CPU
		{B513C65C-B29E-418D-9910-3614F687D95E}.Release|Any CPU.Build.0 = Release|Any CPU
	EndGlobalSection
EndGlobal
