
Microsoft Visual Studio Solution File, Format Version 12.00
# Visual Studio Version 16
VisualStudioVersion = 16.0.29102.190
MinimumVisualStudioVersion = 10.0.40219.1
Project("{9A19103F-16F7-4668-BE54-9A1E7A4F7556}") = "Ange", "Ange.csproj", "{8942B4C4-8464-4FDE-99CD-9A06EB462CD0}"
EndProject
Project("{2150E333-8FDC-42A3-9474-1A3956D46DE8}") = "App", "App", "{1577D9C3-A4B3-4371-8A78-05B1DFAFFFA0}"
EndProject
Project("{2150E333-8FDC-42A3-9474-1A3956D46DE8}") = "Domain", "Domain", "{A6496194-149A-4B16-A0E8-0EF5B5DA0DF1}"
EndProject
Project("{2150E333-8FDC-42A3-9474-1A3956D46DE8}") = "Tests", "Tests", "{B7776D47-0452-4577-9E10-3B25B007C47A}"
EndProject
Project("{2150E333-8FDC-42A3-9474-1A3956D46DE8}") = "Presentation", "Presentation", "{1DDAC656-D173-44FB-AE1B-43AC5A910989}"
EndProject
Project("{FAE04EC0-301F-11D3-BF4B-00C04F79EFBC}") = "Ange.Domain", "Domain\Ange.Domain\Ange.Domain.csproj", "{4307DC11-F764-4663-8F95-71FDB383390F}"
EndProject
Project("{2150E333-8FDC-42A3-9474-1A3956D46DE8}") = "Common", "Common", "{F41AC1D1-089B-4981-8E7C-622E8967D3EA}"
EndProject
Project("{FAE04EC0-301F-11D3-BF4B-00C04F79EFBC}") = "Ange.Common", "Ange.Common\Ange.Common.csproj", "{1D610A10-BF6C-4536-A10A-F56917350BB5}"
EndProject
Project("{FAE04EC0-301F-11D3-BF4B-00C04F79EFBC}") = "Agne.Application", "Agne.Application\Agne.Application.csproj", "{717A953D-6138-47FB-9EEF-F53BD0C46D6F}"
EndProject
Project("{FAE04EC0-301F-11D3-BF4B-00C04F79EFBC}") = "Ange.Infrastructure", "Ange.Infrastructure\Ange.Infrastructure.csproj", "{DF768A29-330B-486C-87B6-B2554EC1CAC0}"
EndProject
Project("{FAE04EC0-301F-11D3-BF4B-00C04F79EFBC}") = "Ange.Persistence", "Ange.Persistence\Ange.Persistence.csproj", "{476358BF-CDF2-404E-96B1-F2359B2DF072}"
EndProject
Project("{2150E333-8FDC-42A3-9474-1A3956D46DE8}") = "Infrastructure", "Infrastructure", "{98F1AA17-CE01-4786-8C8E-596FF3422DA7}"
EndProject
Global
	GlobalSection(SolutionConfigurationPlatforms) = preSolution
		Debug|Any CPU = Debug|Any CPU
		Release|Any CPU = Release|Any CPU
	EndGlobalSection
	GlobalSection(ProjectConfigurationPlatforms) = postSolution
		{8942B4C4-8464-4FDE-99CD-9A06EB462CD0}.Debug|Any CPU.ActiveCfg = Debug|Any CPU
		{8942B4C4-8464-4FDE-99CD-9A06EB462CD0}.Debug|Any CPU.Build.0 = Debug|Any CPU
		{8942B4C4-8464-4FDE-99CD-9A06EB462CD0}.Release|Any CPU.ActiveCfg = Release|Any CPU
		{8942B4C4-8464-4FDE-99CD-9A06EB462CD0}.Release|Any CPU.Build.0 = Release|Any CPU
		{4307DC11-F764-4663-8F95-71FDB383390F}.Debug|Any CPU.ActiveCfg = Debug|Any CPU
		{4307DC11-F764-4663-8F95-71FDB383390F}.Debug|Any CPU.Build.0 = Debug|Any CPU
		{4307DC11-F764-4663-8F95-71FDB383390F}.Release|Any CPU.ActiveCfg = Release|Any CPU
		{4307DC11-F764-4663-8F95-71FDB383390F}.Release|Any CPU.Build.0 = Release|Any CPU
		{1D610A10-BF6C-4536-A10A-F56917350BB5}.Debug|Any CPU.ActiveCfg = Debug|Any CPU
		{1D610A10-BF6C-4536-A10A-F56917350BB5}.Debug|Any CPU.Build.0 = Debug|Any CPU
		{1D610A10-BF6C-4536-A10A-F56917350BB5}.Release|Any CPU.ActiveCfg = Release|Any CPU
		{1D610A10-BF6C-4536-A10A-F56917350BB5}.Release|Any CPU.Build.0 = Release|Any CPU
		{717A953D-6138-47FB-9EEF-F53BD0C46D6F}.Debug|Any CPU.ActiveCfg = Debug|Any CPU
		{717A953D-6138-47FB-9EEF-F53BD0C46D6F}.Debug|Any CPU.Build.0 = Debug|Any CPU
		{717A953D-6138-47FB-9EEF-F53BD0C46D6F}.Release|Any CPU.ActiveCfg = Release|Any CPU
		{717A953D-6138-47FB-9EEF-F53BD0C46D6F}.Release|Any CPU.Build.0 = Release|Any CPU
		{DF768A29-330B-486C-87B6-B2554EC1CAC0}.Debug|Any CPU.ActiveCfg = Debug|Any CPU
		{DF768A29-330B-486C-87B6-B2554EC1CAC0}.Debug|Any CPU.Build.0 = Debug|Any CPU
		{DF768A29-330B-486C-87B6-B2554EC1CAC0}.Release|Any CPU.ActiveCfg = Release|Any CPU
		{DF768A29-330B-486C-87B6-B2554EC1CAC0}.Release|Any CPU.Build.0 = Release|Any CPU
		{476358BF-CDF2-404E-96B1-F2359B2DF072}.Debug|Any CPU.ActiveCfg = Debug|Any CPU
		{476358BF-CDF2-404E-96B1-F2359B2DF072}.Debug|Any CPU.Build.0 = Debug|Any CPU
		{476358BF-CDF2-404E-96B1-F2359B2DF072}.Release|Any CPU.ActiveCfg = Release|Any CPU
		{476358BF-CDF2-404E-96B1-F2359B2DF072}.Release|Any CPU.Build.0 = Release|Any CPU
	EndGlobalSection
	GlobalSection(SolutionProperties) = preSolution
		HideSolutionNode = FALSE
	EndGlobalSection
	GlobalSection(ExtensibilityGlobals) = postSolution
		SolutionGuid = {EB39D48A-103E-4D4F-823A-3191F66ACF88}
	EndGlobalSection
	GlobalSection(NestedProjects) = preSolution
		{8942B4C4-8464-4FDE-99CD-9A06EB462CD0} = {1DDAC656-D173-44FB-AE1B-43AC5A910989}
		{4307DC11-F764-4663-8F95-71FDB383390F} = {A6496194-149A-4B16-A0E8-0EF5B5DA0DF1}
		{1D610A10-BF6C-4536-A10A-F56917350BB5} = {F41AC1D1-089B-4981-8E7C-622E8967D3EA}
		{717A953D-6138-47FB-9EEF-F53BD0C46D6F} = {1577D9C3-A4B3-4371-8A78-05B1DFAFFFA0}
		{DF768A29-330B-486C-87B6-B2554EC1CAC0} = {98F1AA17-CE01-4786-8C8E-596FF3422DA7}
		{476358BF-CDF2-404E-96B1-F2359B2DF072} = {98F1AA17-CE01-4786-8C8E-596FF3422DA7}
	EndGlobalSection
EndGlobal
